PODS:
  - Alamofire (4.9.1)
  - AlamofireSwiftyJSON (1.0.2):
    - Alamofire (~> 4.0)
    - SwiftyJSON (~> 4.0)
  - FBSDKCoreKit (9.2.0):
    - FBSDKCoreKit/Basics (= 9.2.0)
    - FBSDKCoreKit/Core (= 9.2.0)
  - FBSDKCoreKit/Basics (9.2.0)
  - FBSDKCoreKit/Core (9.2.0):
    - FBSDKCoreKit/Basics
  - FBSDKLoginKit (9.2.0):
    - FBSDKLoginKit/Login (= 9.2.0)
  - FBSDKLoginKit/Login (9.2.0):
    - FBSDKCoreKit (~> 9.2.0)
  - IQKeyboardManagerSwift (6.5.9)
  - ObjectMapper (4.2.0)
  - ReachabilitySwift (5.0.0)
  - sizeit (0.1.6):
    - Alamofire (~> 4.9.1)
    - AlamofireSwiftyJSON (~> 1.0.2)
    - FBSDKCoreKit
    - FBSDKLoginKit
    - IQKeyboardManagerSwift
    - ObjectMapper (~> 4.2.0)
    - ReachabilitySwift (~> 5.0.0)
    - SwiftyJSON
  - SwiftyJSON (4.3.0)

DEPENDENCIES:
  - sizeit (from `../`)

SPEC REPOS:
  trunk:
    - Alamofire
    - AlamofireSwiftyJSON
    - FBSDKCoreKit
    - FBSDKLoginKit
    - IQKeyboardManagerSwift
    - ObjectMapper
    - ReachabilitySwift
    - SwiftyJSON

EXTERNAL SOURCES:
  sizeit:
    :path: "../"

SPEC CHECKSUMS:
  Alamofire: 85e8a02c69d6020a0d734f6054870d7ecb75cf18
  AlamofireSwiftyJSON: 74ee3804bed06d07857daf1eeb1615c85dba3997
  FBSDKCoreKit: dace5abafc2fd9272733e6d027bcf18102712117
  FBSDKLoginKit: 43f377b451d391f5bc9dd774f51a391db1072029
  IQKeyboardManagerSwift: 6e839c575c4aa1078d58a596e41244e77abe918f
  ObjectMapper: 1eb41f610210777375fa806bf161dc39fb832b81
  ReachabilitySwift: 985039c6f7b23a1da463388634119492ff86c825
  sizeit: 534149968bb465efed454d92069a14a70aa326d6
  SwiftyJSON: 6faa0040f8b59dead0ee07436cbf76b73c08fd08

PODFILE CHECKSUM: 467e6d579d3799e7da779ee645238f7d0464014b

COCOAPODS: 1.11.2
